
Microsoft Visual Studio Solution File, Format Version 12.00
# Visual Studio Version 16
VisualStudioVersion = 16.0.30717.126
MinimumVisualStudioVersion = 10.0.40219.1
Project("{FAE04EC0-301F-11D3-BF4B-00C04F79EFBC}") = "TimeSpan-internal-representation", "TimeSpan-internal-representation\TimeSpan-internal-representation.csproj", "{2955F5F1-3FC2-4683-A531-49BF347D386B}"
EndProject
Global
	GlobalSection(SolutionConfigurationPlatforms) = preSolution
		Debug|Any CPU = Debug|Any CPU
		Release|Any CPU = Release|Any CPU
	EndGlobalSection
	GlobalSection(ProjectConfigurationPlatforms) = postSolution
		{2955F5F1-3FC2-4683-A531-49BF347D386B}.Debug|Any CPU.ActiveCfg = Debug|Any CPU
		{2955F5F1-3FC2-4683-A531-49BF347D386B}.Debug|Any CPU.Build.0 = Debug|Any CPU
		{2955F5F1-3FC2-4683-A531-49BF347D386B}.Release|Any CPU.ActiveCfg = Release|Any CPU
		{2955F5F1-3FC2-4683-A531-49BF347D386B}.Release|Any CPU.Build.0 = Release|Any CPU
	EndGlobalSection
	GlobalSection(SolutionProperties) = preSolution
		HideSolutionNode = FALSE
	EndGlobalSection
	GlobalSection(ExtensibilityGlobals) = postSolution
		SolutionGuid = {4A227FDA-34E9-42BA-8134-D68796BF08E9}
	EndGlobalSection
EndGlobal
