
Microsoft Visual Studio Solution File, Format Version 12.00
# Visual Studio Version 16
VisualStudioVersion = 16.0.30717.126
MinimumVisualStudioVersion = 10.0.40219.1
Project("{FAE04EC0-301F-11D3-BF4B-00C04F79EFBC}") = "Switch-case", "Switch-case\Switch-case.csproj", "{717469A2-370E-40EE-91C0-55013A040A12}"
EndProject
Global
	GlobalSection(SolutionConfigurationPlatforms) = preSolution
		Debug|Any CPU = Debug|Any CPU
		Release|Any CPU = Release|Any CPU
	EndGlobalSection
	GlobalSection(ProjectConfigurationPlatforms) = postSolution
		{717469A2-370E-40EE-91C0-55013A040A12}.Debug|Any CPU.ActiveCfg = Debug|Any CPU
		{717469A2-370E-40EE-91C0-55013A040A12}.Debug|Any CPU.Build.0 = Debug|Any CPU
		{717469A2-370E-40EE-91C0-55013A040A12}.Release|Any CPU.ActiveCfg = Release|Any CPU
		{717469A2-370E-40EE-91C0-55013A040A12}.Release|Any CPU.Build.0 = Release|Any CPU
	EndGlobalSection
	GlobalSection(SolutionProperties) = preSolution
		HideSolutionNode = FALSE
	EndGlobalSection
	GlobalSection(ExtensibilityGlobals) = postSolution
		SolutionGuid = {FAFB83DE-BBCC-40AB-9CD7-01EEF50698B6}
	EndGlobalSection
EndGlobal
