
Microsoft Visual Studio Solution File, Format Version 12.00
# Visual Studio Version 16
VisualStudioVersion = 16.0.30717.126
MinimumVisualStudioVersion = 10.0.40219.1
Project("{FAE04EC0-301F-11D3-BF4B-00C04F79EFBC}") = "Parameter-modifier-params", "Parameter-modifier-params\Parameter-modifier-params.csproj", "{94A452FE-0272-4E79-B001-54A051D520CB}"
EndProject
Global
	GlobalSection(SolutionConfigurationPlatforms) = preSolution
		Debug|Any CPU = Debug|Any CPU
		Release|Any CPU = Release|Any CPU
	EndGlobalSection
	GlobalSection(ProjectConfigurationPlatforms) = postSolution
		{94A452FE-0272-4E79-B001-54A051D520CB}.Debug|Any CPU.ActiveCfg = Debug|Any CPU
		{94A452FE-0272-4E79-B001-54A051D520CB}.Debug|Any CPU.Build.0 = Debug|Any CPU
		{94A452FE-0272-4E79-B001-54A051D520CB}.Release|Any CPU.ActiveCfg = Release|Any CPU
		{94A452FE-0272-4E79-B001-54A051D520CB}.Release|Any CPU.Build.0 = Release|Any CPU
	EndGlobalSection
	GlobalSection(SolutionProperties) = preSolution
		HideSolutionNode = FALSE
	EndGlobalSection
	GlobalSection(ExtensibilityGlobals) = postSolution
		SolutionGuid = {D5C9C995-5FBB-4DA2-995B-D575C51B1040}
	EndGlobalSection
EndGlobal
