
Microsoft Visual Studio Solution File, Format Version 12.00
# Visual Studio Version 16
VisualStudioVersion = 16.0.30717.126
MinimumVisualStudioVersion = 10.0.40219.1
Project("{FAE04EC0-301F-11D3-BF4B-00C04F79EFBC}") = "TimeSpan-Properties", "TimeSpan-Properties\TimeSpan-Properties.csproj", "{684E59DD-4BF0-4486-A19B-1B0322B51AC9}"
EndProject
Global
	GlobalSection(SolutionConfigurationPlatforms) = preSolution
		Debug|Any CPU = Debug|Any CPU
		Release|Any CPU = Release|Any CPU
	EndGlobalSection
	GlobalSection(ProjectConfigurationPlatforms) = postSolution
		{684E59DD-4BF0-4486-A19B-1B0322B51AC9}.Debug|Any CPU.ActiveCfg = Debug|Any CPU
		{684E59DD-4BF0-4486-A19B-1B0322B51AC9}.Debug|Any CPU.Build.0 = Debug|Any CPU
		{684E59DD-4BF0-4486-A19B-1B0322B51AC9}.Release|Any CPU.ActiveCfg = Release|Any CPU
		{684E59DD-4BF0-4486-A19B-1B0322B51AC9}.Release|Any CPU.Build.0 = Release|Any CPU
	EndGlobalSection
	GlobalSection(SolutionProperties) = preSolution
		HideSolutionNode = FALSE
	EndGlobalSection
	GlobalSection(ExtensibilityGlobals) = postSolution
		SolutionGuid = {17A140B7-EB92-449C-A794-0FE93E8DCD0F}
	EndGlobalSection
EndGlobal
