
Microsoft Visual Studio Solution File, Format Version 12.00
# Visual Studio Version 16
VisualStudioVersion = 16.0.30717.126
MinimumVisualStudioVersion = 10.0.40219.1
Project("{FAE04EC0-301F-11D3-BF4B-00C04F79EFBC}") = "Nullable", "Nullable\Nullable.csproj", "{5C641763-0A92-4AFB-B9B6-39FE044DC784}"
EndProject
Global
	GlobalSection(SolutionConfigurationPlatforms) = preSolution
		Debug|Any CPU = Debug|Any CPU
		Release|Any CPU = Release|Any CPU
	EndGlobalSection
	GlobalSection(ProjectConfigurationPlatforms) = postSolution
		{5C641763-0A92-4AFB-B9B6-39FE044DC784}.Debug|Any CPU.ActiveCfg = Debug|Any CPU
		{5C641763-0A92-4AFB-B9B6-39FE044DC784}.Debug|Any CPU.Build.0 = Debug|Any CPU
		{5C641763-0A92-4AFB-B9B6-39FE044DC784}.Release|Any CPU.ActiveCfg = Release|Any CPU
		{5C641763-0A92-4AFB-B9B6-39FE044DC784}.Release|Any CPU.Build.0 = Release|Any CPU
	EndGlobalSection
	GlobalSection(SolutionProperties) = preSolution
		HideSolutionNode = FALSE
	EndGlobalSection
	GlobalSection(ExtensibilityGlobals) = postSolution
		SolutionGuid = {6A51BEB2-00CB-49A7-8CE9-8E2B3B022A90}
	EndGlobalSection
EndGlobal
