
Microsoft Visual Studio Solution File, Format Version 12.00
# Visual Studio Version 16
VisualStudioVersion = 16.0.30717.126
MinimumVisualStudioVersion = 10.0.40219.1
Project("{FAE04EC0-301F-11D3-BF4B-00C04F79EFBC}") = "Methods-01", "Methods-01\Methods-01.csproj", "{E8CF27BA-7165-4528-8A85-9A02B7F544E6}"
EndProject
Global
	GlobalSection(SolutionConfigurationPlatforms) = preSolution
		Debug|Any CPU = Debug|Any CPU
		Release|Any CPU = Release|Any CPU
	EndGlobalSection
	GlobalSection(ProjectConfigurationPlatforms) = postSolution
		{E8CF27BA-7165-4528-8A85-9A02B7F544E6}.Debug|Any CPU.ActiveCfg = Debug|Any CPU
		{E8CF27BA-7165-4528-8A85-9A02B7F544E6}.Debug|Any CPU.Build.0 = Debug|Any CPU
		{E8CF27BA-7165-4528-8A85-9A02B7F544E6}.Release|Any CPU.ActiveCfg = Release|Any CPU
		{E8CF27BA-7165-4528-8A85-9A02B7F544E6}.Release|Any CPU.Build.0 = Release|Any CPU
	EndGlobalSection
	GlobalSection(SolutionProperties) = preSolution
		HideSolutionNode = FALSE
	EndGlobalSection
	GlobalSection(ExtensibilityGlobals) = postSolution
		SolutionGuid = {94CBE62E-BD24-498E-BA4D-89F14BBE7D40}
	EndGlobalSection
EndGlobal
